# This file is automatically @generated by Cargo.
# It is not intended for manual editing.
version = 4

[[package]]
name = "r3st-api"
version = "0.1.0"
dependencies = [
 "r3st-core",
]

[[package]]
name = "r3st-conformance"
version = "0.1.0"
dependencies = [
 "r3st-core",
]

[[package]]
name = "r3st-core"
version = "0.1.0"
